
Microsoft Visual Studio Solution File, Format Version 12.00
# Visual Studio Version 17
VisualStudioVersion = 17.5.002.0
MinimumVisualStudioVersion = 10.0.40219.1
Project("{9A19103F-16F7-4668-BE54-9A1E7A4F7556}") = "DotnetCrud", "DotnetCrud.csproj", "{2CA5DCF1-C7E3-4E65-8E1A-444903B2ED37}"
EndProject
Global
	GlobalSection(SolutionConfigurationPlatforms) = preSolution
		Debug|Any CPU = Debug|Any CPU
		Release|Any CPU = Release|Any CPU
	EndGlobalSection
	GlobalSection(ProjectConfigurationPlatforms) = postSolution
		{2CA5DCF1-C7E3-4E65-8E1A-444903B2ED37}.Debug|Any CPU.ActiveCfg = Debug|Any CPU
		{2CA5DCF1-C7E3-4E65-8E1A-444903B2ED37}.Debug|Any CPU.Build.0 = Debug|Any CPU
		{2CA5DCF1-C7E3-4E65-8E1A-444903B2ED37}.Release|Any CPU.ActiveCfg = Release|Any CPU
		{2CA5DCF1-C7E3-4E65-8E1A-444903B2ED37}.Release|Any CPU.Build.0 = Release|Any CPU
	EndGlobalSection
	GlobalSection(SolutionProperties) = preSolution
		HideSolutionNode = FALSE
	EndGlobalSection
	GlobalSection(ExtensibilityGlobals) = postSolution
		SolutionGuid = {DAD00825-B680-47E6-8BB0-259A0BD969AA}
	EndGlobalSection
EndGlobal
